// !$*UTF8*$!
{
	archiveVersion = 1;
	classes = {
	};
	objectVersion = 50;
	objects = {

/* Begin PBXBuildFile section */
		864FB1892757879D00AABD66 /* schoolsApp.swift in Sources */ = {isa = PBXBuildFile; fileRef = 864FB1882757879D00AABD66 /* schoolsApp.swift */; };
		864FB18B2757879D00AABD66 /* SchoolsView.swift in Sources */ = {isa = PBXBuildFile; fileRef = 864FB18A2757879D00AABD66 /* SchoolsView.swift */; };
		864FB18D2757879F00AABD66 /* Assets.xcassets in Resources */ = {isa = PBXBuildFile; fileRef = 864FB18C2757879F00AABD66 /* Assets.xcassets */; };
		864FB1902757879F00AABD66 /* Preview Assets.xcassets in Resources */ = {isa = PBXBuildFile; fileRef = 864FB18F2757879F00AABD66 /* Preview Assets.xcassets */; };
		864FB1922757879F00AABD66 /* Persistence.swift in Sources */ = {isa = PBXBuildFile; fileRef = 864FB1912757879F00AABD66 /* Persistence.swift */; };
		864FB1952757879F00AABD66 /* schools.xcdatamodeld in Sources */ = {isa = PBXBuildFile; fileRef = 864FB1932757879F00AABD66 /* schools.xcdatamodeld */; };
		864FB1A0275787A000AABD66 /* SchoolsViewModelTests.swift in Sources */ = {isa = PBXBuildFile; fileRef = 864FB19F275787A000AABD66 /* SchoolsViewModelTests.swift */; };
		864FB1AB275787A000AABD66 /* schoolsUITests.swift in Sources */ = {isa = PBXBuildFile; fileRef = 864FB1AA275787A000AABD66 /* schoolsUITests.swift */; };
		864FB1F82757B23500AABD66 /* School.swift in Sources */ = {isa = PBXBuildFile; fileRef = 864FB1F72757B23500AABD66 /* School.swift */; };
		864FB1FA2757B45800AABD66 /* Logger.swift in Sources */ = {isa = PBXBuildFile; fileRef = 864FB1F92757B45800AABD66 /* Logger.swift */; };
		864FB1FC2757B8A200AABD66 /* Constants.swift in Sources */ = {isa = PBXBuildFile; fileRef = 864FB1FB2757B8A200AABD66 /* Constants.swift */; };
		864FB2012757D2FC00AABD66 /* SchoolSatView.swift in Sources */ = {isa = PBXBuildFile; fileRef = 864FB2002757D2FC00AABD66 /* SchoolSatView.swift */; };
		864FB2052757DE2100AABD66 /* SearchBar.swift in Sources */ = {isa = PBXBuildFile; fileRef = 864FB2042757DE2100AABD66 /* SearchBar.swift */; };
		864FB209275801CC00AABD66 /* SchoolApiService.swift in Sources */ = {isa = PBXBuildFile; fileRef = 864FB208275801CC00AABD66 /* SchoolApiService.swift */; };
		864FB2122758083000AABD66 /* Activity.swift in Sources */ = {isa = PBXBuildFile; fileRef = 864FB2112758083000AABD66 /* Activity.swift */; };
		864FB21527580A0300AABD66 /* SchoolsViewModel.swift in Sources */ = {isa = PBXBuildFile; fileRef = 864FB21427580A0300AABD66 /* SchoolsViewModel.swift */; };
		864FB217275858A400AABD66 /* MockUrlProtocol.swift in Sources */ = {isa = PBXBuildFile; fileRef = 864FB216275858A400AABD66 /* MockUrlProtocol.swift */; };
		864FB21B275865F000AABD66 /* SchoolsApiTests.swift in Sources */ = {isa = PBXBuildFile; fileRef = 864FB21A275865F000AABD66 /* SchoolsApiTests.swift */; };
		864FB21D2758840000AABD66 /* Helpers.swift in Sources */ = {isa = PBXBuildFile; fileRef = 864FB21C2758840000AABD66 /* Helpers.swift */; };
		864FB2232758FF7100AABD66 /* SatData.swift in Sources */ = {isa = PBXBuildFile; fileRef = 864FB2222758FF7100AABD66 /* SatData.swift */; };
/* End PBXBuildFile section */

/* Begin PBXContainerItemProxy section */
		864FB19C275787A000AABD66 /* PBXContainerItemProxy */ = {
			isa = PBXContainerItemProxy;
			containerPortal = 864FB17D2757879D00AABD66 /* Project object */;
			proxyType = 1;
			remoteGlobalIDString = 864FB1842757879D00AABD66;
			remoteInfo = schools;
		};
		864FB1A7275787A000AABD66 /* PBXContainerItemProxy */ = {
			isa = PBXContainerItemProxy;
			containerPortal = 864FB17D2757879D00AABD66 /* Project object */;
			proxyType = 1;
			remoteGlobalIDString = 864FB1842757879D00AABD66;
			remoteInfo = schools;
		};
/* End PBXContainerItemProxy section */

/* Begin PBXFileReference section */
		864FB1852757879D00AABD66 /* schools.app */ = {isa = PBXFileReference; explicitFileType = wrapper.application; includeInIndex = 0; path = schools.app; sourceTree = BUILT_PRODUCTS_DIR; };
		864FB1882757879D00AABD66 /* schoolsApp.swift */ = {isa = PBXFileReference; lastKnownFileType = sourcecode.swift; path = schoolsApp.swift; sourceTree = "<group>"; };
		864FB18A2757879D00AABD66 /* SchoolsView.swift */ = {isa = PBXFileReference; lastKnownFileType = sourcecode.swift; path = SchoolsView.swift; sourceTree = "<group>"; };
		864FB18C2757879F00AABD66 /* Assets.xcassets */ = {isa = PBXFileReference; lastKnownFileType = folder.assetcatalog; path = Assets.xcassets; sourceTree = "<group>"; };
		864FB18F2757879F00AABD66 /* Preview Assets.xcassets */ = {isa = PBXFileReference; lastKnownFileType = folder.assetcatalog; path = "Preview Assets.xcassets"; sourceTree = "<group>"; };
		864FB1912757879F00AABD66 /* Persistence.swift */ = {isa = PBXFileReference; lastKnownFileType = sourcecode.swift; path = Persistence.swift; sourceTree = "<group>"; };
		864FB1942757879F00AABD66 /* schools.xcdatamodel */ = {isa = PBXFileReference; lastKnownFileType = wrapper.xcdatamodel; path = schools.xcdatamodel; sourceTree = "<group>"; };
		864FB1962757879F00AABD66 /* Info.plist */ = {isa = PBXFileReference; lastKnownFileType = text.plist.xml; path = Info.plist; sourceTree = "<group>"; };
		864FB19B275787A000AABD66 /* schoolsTests.xctest */ = {isa = PBXFileReference; explicitFileType = wrapper.cfbundle; includeInIndex = 0; path = schoolsTests.xctest; sourceTree = BUILT_PRODUCTS_DIR; };
		864FB19F275787A000AABD66 /* SchoolsViewModelTests.swift */ = {isa = PBXFileReference; lastKnownFileType = sourcecode.swift; path = SchoolsViewModelTests.swift; sourceTree = "<group>"; };
		864FB1A1275787A000AABD66 /* Info.plist */ = {isa = PBXFileReference; lastKnownFileType = text.plist.xml; path = Info.plist; sourceTree = "<group>"; };
		864FB1A6275787A000AABD66 /* schoolsUITests.xctest */ = {isa = PBXFileReference; explicitFileType = wrapper.cfbundle; includeInIndex = 0; path = schoolsUITests.xctest; sourceTree = BUILT_PRODUCTS_DIR; };
		864FB1AA275787A000AABD66 /* schoolsUITests.swift */ = {isa = PBXFileReference; lastKnownFileType = sourcecode.swift; path = schoolsUITests.swift; sourceTree = "<group>"; };
		864FB1AC275787A000AABD66 /* Info.plist */ = {isa = PBXFileReference; lastKnownFileType = text.plist.xml; path = Info.plist; sourceTree = "<group>"; };
		864FB1F72757B23500AABD66 /* School.swift */ = {isa = PBXFileReference; lastKnownFileType = sourcecode.swift; path = School.swift; sourceTree = "<group>"; };
		864FB1F92757B45800AABD66 /* Logger.swift */ = {isa = PBXFileReference; lastKnownFileType = sourcecode.swift; path = Logger.swift; sourceTree = "<group>"; };
		864FB1FB2757B8A200AABD66 /* Constants.swift */ = {isa = PBXFileReference; lastKnownFileType = sourcecode.swift; path = Constants.swift; sourceTree = "<group>"; };
		864FB2002757D2FC00AABD66 /* SchoolSatView.swift */ = {isa = PBXFileReference; lastKnownFileType = sourcecode.swift; path = SchoolSatView.swift; sourceTree = "<group>"; };
		864FB2042757DE2100AABD66 /* SearchBar.swift */ = {isa = PBXFileReference; lastKnownFileType = sourcecode.swift; path = SearchBar.swift; sourceTree = "<group>"; };
		864FB208275801CC00AABD66 /* SchoolApiService.swift */ = {isa = PBXFileReference; lastKnownFileType = sourcecode.swift; path = SchoolApiService.swift; sourceTree = "<group>"; };
		864FB2112758083000AABD66 /* Activity.swift */ = {isa = PBXFileReference; lastKnownFileType = sourcecode.swift; path = Activity.swift; sourceTree = "<group>"; };
		864FB21427580A0300AABD66 /* SchoolsViewModel.swift */ = {isa = PBXFileReference; lastKnownFileType = sourcecode.swift; path = SchoolsViewModel.swift; sourceTree = "<group>"; };
		864FB216275858A400AABD66 /* MockUrlProtocol.swift */ = {isa = PBXFileReference; lastKnownFileType = sourcecode.swift; path = MockUrlProtocol.swift; sourceTree = "<group>"; };
		864FB21A275865F000AABD66 /* SchoolsApiTests.swift */ = {isa = PBXFileReference; lastKnownFileType = sourcecode.swift; path = SchoolsApiTests.swift; sourceTree = "<group>"; };
		864FB21C2758840000AABD66 /* Helpers.swift */ = {isa = PBXFileReference; lastKnownFileType = sourcecode.swift; path = Helpers.swift; sourceTree = "<group>"; };
		864FB21F2758D7CF00AABD66 /* README.md */ = {isa = PBXFileReference; lastKnownFileType = net.daringfireball.markdown; path = README.md; sourceTree = "<group>"; };
		864FB2212758D89900AABD66 /* details.png */ = {isa = PBXFileReference; lastKnownFileType = image.png; path = details.png; sourceTree = "<group>"; };
		864FB2222758FF7100AABD66 /* SatData.swift */ = {isa = PBXFileReference; lastKnownFileType = sourcecode.swift; path = SatData.swift; sourceTree = "<group>"; };
		864FB2242759061F00AABD66 /* list.png */ = {isa = PBXFileReference; lastKnownFileType = image.png; path = list.png; sourceTree = "<group>"; };
/* End PBXFileReference section */

/* Begin PBXFrameworksBuildPhase section */
		864FB1822757879D00AABD66 /* Frameworks */ = {
			isa = PBXFrameworksBuildPhase;
			buildActionMask = 2147483647;
			files = (
			);
			runOnlyForDeploymentPostprocessing = 0;
		};
		864FB198275787A000AABD66 /* Frameworks */ = {
			isa = PBXFrameworksBuildPhase;
			buildActionMask = 2147483647;
			files = (
			);
			runOnlyForDeploymentPostprocessing = 0;
		};
		864FB1A3275787A000AABD66 /* Frameworks */ = {
			isa = PBXFrameworksBuildPhase;
			buildActionMask = 2147483647;
			files = (
			);
			runOnlyForDeploymentPostprocessing = 0;
		};
/* End PBXFrameworksBuildPhase section */

/* Begin PBXGroup section */
		864FB17C2757879D00AABD66 = {
			isa = PBXGroup;
			children = (
				864FB1872757879D00AABD66 /* schools */,
				864FB19E275787A000AABD66 /* schoolsTests */,
				864FB1A9275787A000AABD66 /* schoolsUITests */,
				864FB1862757879D00AABD66 /* Products */,
				864FB2202758D80A00AABD66 /* screenshots */,
				864FB21F2758D7CF00AABD66 /* README.md */,
			);
			sourceTree = "<group>";
		};
		864FB1862757879D00AABD66 /* Products */ = {
			isa = PBXGroup;
			children = (
				864FB1852757879D00AABD66 /* schools.app */,
				864FB19B275787A000AABD66 /* schoolsTests.xctest */,
				864FB1A6275787A000AABD66 /* schoolsUITests.xctest */,
			);
			name = Products;
			sourceTree = "<group>";
		};
		864FB1872757879D00AABD66 /* schools */ = {
			isa = PBXGroup;
			children = (
				864FB2272759097600AABD66 /* utilities */,
				864FB2262759095300AABD66 /* services */,
				864FB213275809EB00AABD66 /* viewModels */,
				864FB20F2758075A00AABD66 /* models */,
				864FB20E2758069D00AABD66 /* views */,
				864FB2032757DE0400AABD66 /* widgets */,
				864FB1882757879D00AABD66 /* schoolsApp.swift */,
				864FB18C2757879F00AABD66 /* Assets.xcassets */,
				864FB1962757879F00AABD66 /* Info.plist */,
				864FB18E2757879F00AABD66 /* Preview Content */,
			);
			path = schools;
			sourceTree = "<group>";
		};
		864FB18E2757879F00AABD66 /* Preview Content */ = {
			isa = PBXGroup;
			children = (
				864FB18F2757879F00AABD66 /* Preview Assets.xcassets */,
			);
			path = "Preview Content";
			sourceTree = "<group>";
		};
		864FB19E275787A000AABD66 /* schoolsTests */ = {
			isa = PBXGroup;
			children = (
				864FB19F275787A000AABD66 /* SchoolsViewModelTests.swift */,
				864FB21A275865F000AABD66 /* SchoolsApiTests.swift */,
				864FB1A1275787A000AABD66 /* Info.plist */,
				864FB21C2758840000AABD66 /* Helpers.swift */,
				864FB216275858A400AABD66 /* MockUrlProtocol.swift */,
			);
			path = schoolsTests;
			sourceTree = "<group>";
		};
		864FB1A9275787A000AABD66 /* schoolsUITests */ = {
			isa = PBXGroup;
			children = (
				864FB1AA275787A000AABD66 /* schoolsUITests.swift */,
				864FB1AC275787A000AABD66 /* Info.plist */,
			);
			path = schoolsUITests;
			sourceTree = "<group>";
		};
		864FB2032757DE0400AABD66 /* widgets */ = {
			isa = PBXGroup;
			children = (
				864FB2042757DE2100AABD66 /* SearchBar.swift */,
				864FB2112758083000AABD66 /* Activity.swift */,
			);
			path = widgets;
			sourceTree = "<group>";
		};
		864FB20E2758069D00AABD66 /* views */ = {
			isa = PBXGroup;
			children = (
				864FB18A2757879D00AABD66 /* SchoolsView.swift */,
				864FB2002757D2FC00AABD66 /* SchoolSatView.swift */,
			);
			path = views;
			sourceTree = "<group>";
		};
		864FB20F2758075A00AABD66 /* models */ = {
			isa = PBXGroup;
			children = (
				864FB1F72757B23500AABD66 /* School.swift */,
				864FB2222758FF7100AABD66 /* SatData.swift */,
			);
			path = models;
			sourceTree = "<group>";
		};
		864FB213275809EB00AABD66 /* viewModels */ = {
			isa = PBXGroup;
			children = (
				864FB21427580A0300AABD66 /* SchoolsViewModel.swift */,
			);
			path = viewModels;
			sourceTree = "<group>";
		};
		864FB2202758D80A00AABD66 /* screenshots */ = {
			isa = PBXGroup;
			children = (
				864FB2242759061F00AABD66 /* list.png */,
				864FB2212758D89900AABD66 /* details.png */,
			);
			path = screenshots;
			sourceTree = "<group>";
		};
		864FB2262759095300AABD66 /* services */ = {
			isa = PBXGroup;
			children = (
				864FB208275801CC00AABD66 /* SchoolApiService.swift */,
			);
			path = services;
			sourceTree = "<group>";
		};
		864FB2272759097600AABD66 /* utilities */ = {
			isa = PBXGroup;
			children = (
				864FB1932757879F00AABD66 /* schools.xcdatamodeld */,
				864FB1912757879F00AABD66 /* Persistence.swift */,
				864FB1F92757B45800AABD66 /* Logger.swift */,
				864FB1FB2757B8A200AABD66 /* Constants.swift */,
			);
			path = utilities;
			sourceTree = "<group>";
		};
/* End PBXGroup section */

/* Begin PBXNativeTarget section */
		864FB1842757879D00AABD66 /* schools */ = {
			isa = PBXNativeTarget;
			buildConfigurationList = 864FB1AF275787A000AABD66 /* Build configuration list for PBXNativeTarget "schools" */;
			buildPhases = (
				864FB1812757879D00AABD66 /* Sources */,
				864FB1822757879D00AABD66 /* Frameworks */,
				864FB1832757879D00AABD66 /* Resources */,
			);
			buildRules = (
			);
			dependencies = (
			);
			name = schools;
			productName = schools;
			productReference = 864FB1852757879D00AABD66 /* schools.app */;
			productType = "com.apple.product-type.application";
		};
		864FB19A275787A000AABD66 /* schoolsTests */ = {
			isa = PBXNativeTarget;
			buildConfigurationList = 864FB1B2275787A000AABD66 /* Build configuration list for PBXNativeTarget "schoolsTests" */;
			buildPhases = (
				864FB197275787A000AABD66 /* Sources */,
				864FB198275787A000AABD66 /* Frameworks */,
				864FB199275787A000AABD66 /* Resources */,
			);
			buildRules = (
			);
			dependencies = (
				864FB19D275787A000AABD66 /* PBXTargetDependency */,
			);
			name = schoolsTests;
			productName = schoolsTests;
			productReference = 864FB19B275787A000AABD66 /* schoolsTests.xctest */;
			productType = "com.apple.product-type.bundle.unit-test";
		};
		864FB1A5275787A000AABD66 /* schoolsUITests */ = {
			isa = PBXNativeTarget;
			buildConfigurationList = 864FB1B5275787A000AABD66 /* Build configuration list for PBXNativeTarget "schoolsUITests" */;
			buildPhases = (
				864FB1A2275787A000AABD66 /* Sources */,
				864FB1A3275787A000AABD66 /* Frameworks */,
				864FB1A4275787A000AABD66 /* Resources */,
			);
			buildRules = (
			);
			dependencies = (
				864FB1A8275787A000AABD66 /* PBXTargetDependency */,
			);
			name = schoolsUITests;
			productName = schoolsUITests;
			productReference = 864FB1A6275787A000AABD66 /* schoolsUITests.xctest */;
			productType = "com.apple.product-type.bundle.ui-testing";
		};
/* End PBXNativeTarget section */

/* Begin PBXProject section */
		864FB17D2757879D00AABD66 /* Project object */ = {
			isa = PBXProject;
			attributes = {
				LastSwiftUpdateCheck = 1250;
				LastUpgradeCheck = 1250;
				TargetAttributes = {
					864FB1842757879D00AABD66 = {
						CreatedOnToolsVersion = 12.5.1;
					};
					864FB19A275787A000AABD66 = {
						CreatedOnToolsVersion = 12.5.1;
						TestTargetID = 864FB1842757879D00AABD66;
					};
					864FB1A5275787A000AABD66 = {
						CreatedOnToolsVersion = 12.5.1;
						TestTargetID = 864FB1842757879D00AABD66;
					};
				};
			};
			buildConfigurationList = 864FB1802757879D00AABD66 /* Build configuration list for PBXProject "schools" */;
			compatibilityVersion = "Xcode 9.3";
			developmentRegion = en;
			hasScannedForEncodings = 0;
			knownRegions = (
				en,
				Base,
			);
			mainGroup = 864FB17C2757879D00AABD66;
			productRefGroup = 864FB1862757879D00AABD66 /* Products */;
			projectDirPath = "";
			projectRoot = "";
			targets = (
				864FB1842757879D00AABD66 /* schools */,
				864FB19A275787A000AABD66 /* schoolsTests */,
				864FB1A5275787A000AABD66 /* schoolsUITests */,
			);
		};
/* End PBXProject section */

/* Begin PBXResourcesBuildPhase section */
		864FB1832757879D00AABD66 /* Resources */ = {
			isa = PBXResourcesBuildPhase;
			buildActionMask = 2147483647;
			files = (
				864FB1902757879F00AABD66 /* Preview Assets.xcassets in Resources */,
				864FB18D2757879F00AABD66 /* Assets.xcassets in Resources */,
			);
			runOnlyForDeploymentPostprocessing = 0;
		};
		864FB199275787A000AABD66 /* Resources */ = {
			isa = PBXResourcesBuildPhase;
			buildActionMask = 2147483647;
			files = (
			);
			runOnlyForDeploymentPostprocessing = 0;
		};
		864FB1A4275787A000AABD66 /* Resources */ = {
			isa = PBXResourcesBuildPhase;
			buildActionMask = 2147483647;
			files = (
			);
			runOnlyForDeploymentPostprocessing = 0;
		};
/* End PBXResourcesBuildPhase section */

/* Begin PBXSourcesBuildPhase section */
		864FB1812757879D00AABD66 /* Sources */ = {
			isa = PBXSourcesBuildPhase;
			buildActionMask = 2147483647;
			files = (
				864FB21527580A0300AABD66 /* SchoolsViewModel.swift in Sources */,
				864FB1922757879F00AABD66 /* Persistence.swift in Sources */,
				864FB1FA2757B45800AABD66 /* Logger.swift in Sources */,
				864FB18B2757879D00AABD66 /* SchoolsView.swift in Sources */,
				864FB1892757879D00AABD66 /* schoolsApp.swift in Sources */,
				864FB209275801CC00AABD66 /* SchoolApiService.swift in Sources */,
				864FB2232758FF7100AABD66 /* SatData.swift in Sources */,
				864FB2012757D2FC00AABD66 /* SchoolSatView.swift in Sources */,
				864FB2122758083000AABD66 /* Activity.swift in Sources */,
				864FB2052757DE2100AABD66 /* SearchBar.swift in Sources */,
				864FB1FC2757B8A200AABD66 /* Constants.swift in Sources */,
				864FB1F82757B23500AABD66 /* School.swift in Sources */,
				864FB1952757879F00AABD66 /* schools.xcdatamodeld in Sources */,
			);
			runOnlyForDeploymentPostprocessing = 0;
		};
		864FB197275787A000AABD66 /* Sources */ = {
			isa = PBXSourcesBuildPhase;
			buildActionMask = 2147483647;
			files = (
				864FB21B275865F000AABD66 /* SchoolsApiTests.swift in Sources */,
				864FB217275858A400AABD66 /* MockUrlProtocol.swift in Sources */,
				864FB1A0275787A000AABD66 /* SchoolsViewModelTests.swift in Sources */,
				864FB21D2758840000AABD66 /* Helpers.swift in Sources */,
			);
			runOnlyForDeploymentPostprocessing = 0;
		};
		864FB1A2275787A000AABD66 /* Sources */ = {
			isa = PBXSourcesBuildPhase;
			buildActionMask = 2147483647;
			files = (
				864FB1AB275787A000AABD66 /* schoolsUITests.swift in Sources */,
			);
			runOnlyForDeploymentPostprocessing = 0;
		};
/* End PBXSourcesBuildPhase section */

/* Begin PBXTargetDependency section */
		864FB19D275787A000AABD66 /* PBXTargetDependency */ = {
			isa = PBXTargetDependency;
			target = 864FB1842757879D00AABD66 /* schools */;
			targetProxy = 864FB19C275787A000AABD66 /* PBXContainerItemProxy */;
		};
		864FB1A8275787A000AABD66 /* PBXTargetDependency */ = {
			isa = PBXTargetDependency;
			target = 864FB1842757879D00AABD66 /* schools */;
			targetProxy = 864FB1A7275787A000AABD66 /* PBXContainerItemProxy */;
		};
/* End PBXTargetDependency section */

/* Begin XCBuildConfiguration section */
		864FB1AD275787A000AABD66 /* Debug */ = {
			isa = XCBuildConfiguration;
			buildSettings = {
				ALWAYS_SEARCH_USER_PATHS = NO;
				CLANG_ANALYZER_NONNULL = YES;
				CLANG_ANALYZER_NUMBER_OBJECT_CONVERSION = YES_AGGRESSIVE;
				CLANG_CXX_LANGUAGE_STANDARD = "gnu++14";
				CLANG_CXX_LIBRARY = "libc++";
				CLANG_ENABLE_MODULES = YES;
				CLANG_ENABLE_OBJC_ARC = YES;
				CLANG_ENABLE_OBJC_WEAK = YES;
				CLANG_WARN_BLOCK_CAPTURE_AUTORELEASING = YES;
				CLANG_WARN_BOOL_CONVERSION = YES;
				CLANG_WARN_COMMA = YES;
				CLANG_WARN_CONSTANT_CONVERSION = YES;
				CLANG_WARN_DEPRECATED_OBJC_IMPLEMENTATIONS = YES;
				CLANG_WARN_DIRECT_OBJC_ISA_USAGE = YES_ERROR;
				CLANG_WARN_DOCUMENTATION_COMMENTS = YES;
				CLANG_WARN_EMPTY_BODY = YES;
				CLANG_WARN_ENUM_CONVERSION = YES;
				CLANG_WARN_INFINITE_RECURSION = YES;
				CLANG_WARN_INT_CONVERSION = YES;
				CLANG_WARN_NON_LITERAL_NULL_CONVERSION = YES;
				CLANG_WARN_OBJC_IMPLICIT_RETAIN_SELF = YES;
				CLANG_WARN_OBJC_LITERAL_CONVERSION = YES;
				CLANG_WARN_OBJC_ROOT_CLASS = YES_ERROR;
				CLANG_WARN_QUOTED_INCLUDE_IN_FRAMEWORK_HEADER = YES;
				CLANG_WARN_RANGE_LOOP_ANALYSIS = YES;
				CLANG_WARN_STRICT_PROTOTYPES = YES;
				CLANG_WARN_SUSPICIOUS_MOVE = YES;
				CLANG_WARN_UNGUARDED_AVAILABILITY = YES_AGGRESSIVE;
				CLANG_WARN_UNREACHABLE_CODE = YES;
				CLANG_WARN__DUPLICATE_METHOD_MATCH = YES;
				COPY_PHASE_STRIP = NO;
				DEBUG_INFORMATION_FORMAT = dwarf;
				ENABLE_STRICT_OBJC_MSGSEND = YES;
				ENABLE_TESTABILITY = YES;
				GCC_C_LANGUAGE_STANDARD = gnu11;
				GCC_DYNAMIC_NO_PIC = NO;
				GCC_NO_COMMON_BLOCKS = YES;
				GCC_OPTIMIZATION_LEVEL = 0;
				GCC_PREPROCESSOR_DEFINITIONS = (
					"DEBUG=1",
					"$(inherited)",
				);
				GCC_WARN_64_TO_32_BIT_CONVERSION = YES;
				GCC_WARN_ABOUT_RETURN_TYPE = YES_ERROR;
				GCC_WARN_UNDECLARED_SELECTOR = YES;
				GCC_WARN_UNINITIALIZED_AUTOS = YES_AGGRESSIVE;
				GCC_WARN_UNUSED_FUNCTION = YES;
				GCC_WARN_UNUSED_VARIABLE = YES;
				IPHONEOS_DEPLOYMENT_TARGET = 14.5;
				MTL_ENABLE_DEBUG_INFO = INCLUDE_SOURCE;
				MTL_FAST_MATH = YES;
				ONLY_ACTIVE_ARCH = YES;
				SDKROOT = iphoneos;
				SWIFT_ACTIVE_COMPILATION_CONDITIONS = DEBUG;
				SWIFT_OPTIMIZATION_LEVEL = "-Onone";
			};
			name = Debug;
		};
		864FB1AE275787A000AABD66 /* Release */ = {
			isa = XCBuildConfiguration;
			buildSettings = {
				ALWAYS_SEARCH_USER_PATHS = NO;
				CLANG_ANALYZER_NONNULL = YES;
				CLANG_ANALYZER_NUMBER_OBJECT_CONVERSION = YES_AGGRESSIVE;
				CLANG_CXX_LANGUAGE_STANDARD = "gnu++14";
				CLANG_CXX_LIBRARY = "libc++";
				CLANG_ENABLE_MODULES = YES;
				CLANG_ENABLE_OBJC_ARC = YES;
				CLANG_ENABLE_OBJC_WEAK = YES;
				CLANG_WARN_BLOCK_CAPTURE_AUTORELEASING = YES;
				CLANG_WARN_BOOL_CONVERSION = YES;
				CLANG_WARN_COMMA = YES;
				CLANG_WARN_CONSTANT_CONVERSION = YES;
				CLANG_WARN_DEPRECATED_OBJC_IMPLEMENTATIONS = YES;
				CLANG_WARN_DIRECT_OBJC_ISA_USAGE = YES_ERROR;
				CLANG_WARN_DOCUMENTATION_COMMENTS = YES;
				CLANG_WARN_EMPTY_BODY = YES;
				CLANG_WARN_ENUM_CONVERSION = YES;
				CLANG_WARN_INFINITE_RECURSION = YES;
				CLANG_WARN_INT_CONVERSION = YES;
				CLANG_WARN_NON_LITERAL_NULL_CONVERSION = YES;
				CLANG_WARN_OBJC_IMPLICIT_RETAIN_SELF = YES;
				CLANG_WARN_OBJC_LITERAL_CONVERSION = YES;
				CLANG_WARN_OBJC_ROOT_CLASS = YES_ERROR;
				CLANG_WARN_QUOTED_INCLUDE_IN_FRAMEWORK_HEADER = YES;
				CLANG_WARN_RANGE_LOOP_ANALYSIS = YES;
				CLANG_WARN_STRICT_PROTOTYPES = YES;
				CLANG_WARN_SUSPICIOUS_MOVE = YES;
				CLANG_WARN_UNGUARDED_AVAILABILITY = YES_AGGRESSIVE;
				CLANG_WARN_UNREACHABLE_CODE = YES;
				CLANG_WARN__DUPLICATE_METHOD_MATCH = YES;
				COPY_PHASE_STRIP = NO;
				DEBUG_INFORMATION_FORMAT = "dwarf-with-dsym";
				ENABLE_NS_ASSERTIONS = NO;
				ENABLE_STRICT_OBJC_MSGSEND = YES;
				GCC_C_LANGUAGE_STANDARD = gnu11;
				GCC_NO_COMMON_BLOCKS = YES;
				GCC_WARN_64_TO_32_BIT_CONVERSION = YES;
				GCC_WARN_ABOUT_RETURN_TYPE = YES_ERROR;
				GCC_WARN_UNDECLARED_SELECTOR = YES;
				GCC_WARN_UNINITIALIZED_AUTOS = YES_AGGRESSIVE;
				GCC_WARN_UNUSED_FUNCTION = YES;
				GCC_WARN_UNUSED_VARIABLE = YES;
				IPHONEOS_DEPLOYMENT_TARGET = 14.5;
				MTL_ENABLE_DEBUG_INFO = NO;
				MTL_FAST_MATH = YES;
				SDKROOT = iphoneos;
				SWIFT_COMPILATION_MODE = wholemodule;
				SWIFT_OPTIMIZATION_LEVEL = "-O";
				VALIDATE_PRODUCT = YES;
			};
			name = Release;
		};
		864FB1B0275787A000AABD66 /* Debug */ = {
			isa = XCBuildConfiguration;
			buildSettings = {
				ASSETCATALOG_COMPILER_APPICON_NAME = AppIcon;
				ASSETCATALOG_COMPILER_GLOBAL_ACCENT_COLOR_NAME = AccentColor;
				CODE_SIGN_STYLE = Automatic;
				DEVELOPMENT_ASSET_PATHS = "\"schools/Preview Content\"";
				DEVELOPMENT_TEAM = S2J9N5937R;
				ENABLE_PREVIEWS = YES;
				INFOPLIST_FILE = schools/Info.plist;
				IPHONEOS_DEPLOYMENT_TARGET = 14.0;
				LD_RUNPATH_SEARCH_PATHS = (
					"$(inherited)",
					"@executable_path/Frameworks",
				);
				PRODUCT_BUNDLE_IDENTIFIER = com.nyc.schools;
				PRODUCT_NAME = "$(TARGET_NAME)";
				SWIFT_VERSION = 5.0;
				TARGETED_DEVICE_FAMILY = "1,2";
			};
			name = Debug;
		};
		864FB1B1275787A000AABD66 /* Release */ = {
			isa = XCBuildConfiguration;
			buildSettings = {
				ASSETCATALOG_COMPILER_APPICON_NAME = AppIcon;
				ASSETCATALOG_COMPILER_GLOBAL_ACCENT_COLOR_NAME = AccentColor;
				CODE_SIGN_STYLE = Automatic;
				DEVELOPMENT_ASSET_PATHS = "\"schools/Preview Content\"";
				DEVELOPMENT_TEAM = S2J9N5937R;
				ENABLE_PREVIEWS = YES;
				INFOPLIST_FILE = schools/Info.plist;
				IPHONEOS_DEPLOYMENT_TARGET = 14.0;
				LD_RUNPATH_SEARCH_PATHS = (
					"$(inherited)",
					"@executable_path/Frameworks",
				);
				PRODUCT_BUNDLE_IDENTIFIER = com.nyc.schools;
				PRODUCT_NAME = "$(TARGET_NAME)";
				SWIFT_VERSION = 5.0;
				TARGETED_DEVICE_FAMILY = "1,2";
			};
			name = Release;
		};
		864FB1B3275787A000AABD66 /* Debug */ = {
			isa = XCBuildConfiguration;
			buildSettings = {
				ALWAYS_EMBED_SWIFT_STANDARD_LIBRARIES = YES;
				BUNDLE_LOADER = "$(TEST_HOST)";
				CODE_SIGN_STYLE = Automatic;
				DEVELOPMENT_TEAM = S2J9N5937R;
				INFOPLIST_FILE = schoolsTests/Info.plist;
				IPHONEOS_DEPLOYMENT_TARGET = 14.0;
				LD_RUNPATH_SEARCH_PATHS = (
					"$(inherited)",
					"@executable_path/Frameworks",
					"@loader_path/Frameworks",
				);
				PRODUCT_BUNDLE_IDENTIFIER = com.nyc.schoolsTests;
				PRODUCT_NAME = "$(TARGET_NAME)";
				SWIFT_VERSION = 5.0;
				TARGETED_DEVICE_FAMILY = "1,2";
				TEST_HOST = "$(BUILT_PRODUCTS_DIR)/schools.app/schools";
			};
			name = Debug;
		};
		864FB1B4275787A000AABD66 /* Release */ = {
			isa = XCBuildConfiguration;
			buildSettings = {
				ALWAYS_EMBED_SWIFT_STANDARD_LIBRARIES = YES;
				BUNDLE_LOADER = "$(TEST_HOST)";
				CODE_SIGN_STYLE = Automatic;
				DEVELOPMENT_TEAM = S2J9N5937R;
				INFOPLIST_FILE = schoolsTests/Info.plist;
				IPHONEOS_DEPLOYMENT_TARGET = 14.0;
				LD_RUNPATH_SEARCH_PATHS = (
					"$(inherited)",
					"@executable_path/Frameworks",
					"@loader_path/Frameworks",
				);
				PRODUCT_BUNDLE_IDENTIFIER = com.nyc.schoolsTests;
				PRODUCT_NAME = "$(TARGET_NAME)";
				SWIFT_VERSION = 5.0;
				TARGETED_DEVICE_FAMILY = "1,2";
				TEST_HOST = "$(BUILT_PRODUCTS_DIR)/schools.app/schools";
			};
			name = Release;
		};
		864FB1B6275787A000AABD66 /* Debug */ = {
			isa = XCBuildConfiguration;
			buildSettings = {
				ALWAYS_EMBED_SWIFT_STANDARD_LIBRARIES = YES;
				CODE_SIGN_STYLE = Automatic;
				DEVELOPMENT_TEAM = S2J9N5937R;
				INFOPLIST_FILE = schoolsUITests/Info.plist;
				LD_RUNPATH_SEARCH_PATHS = (
					"$(inherited)",
					"@executable_path/Frameworks",
					"@loader_path/Frameworks",
				);
				PRODUCT_BUNDLE_IDENTIFIER = com.nyc.schoolsUITests;
				PRODUCT_NAME = "$(TARGET_NAME)";
				SWIFT_VERSION = 5.0;
				TARGETED_DEVICE_FAMILY = "1,2";
				TEST_TARGET_NAME = schools;
			};
			name = Debug;
		};
		864FB1B7275787A000AABD66 /* Release */ = {
			isa = XCBuildConfiguration;
			buildSettings = {
				ALWAYS_EMBED_SWIFT_STANDARD_LIBRARIES = YES;
				CODE_SIGN_STYLE = Automatic;
				DEVELOPMENT_TEAM = S2J9N5937R;
				INFOPLIST_FILE = schoolsUITests/Info.plist;
				LD_RUNPATH_SEARCH_PATHS = (
					"$(inherited)",
					"@executable_path/Frameworks",
					"@loader_path/Frameworks",
				);
				PRODUCT_BUNDLE_IDENTIFIER = com.nyc.schoolsUITests;
				PRODUCT_NAME = "$(TARGET_NAME)";
				SWIFT_VERSION = 5.0;
				TARGETED_DEVICE_FAMILY = "1,2";
				TEST_TARGET_NAME = schools;
			};
			name = Release;
		};
/* End XCBuildConfiguration section */

/* Begin XCConfigurationList section */
		864FB1802757879D00AABD66 /* Build configuration list for PBXProject "schools" */ = {
			isa = XCConfigurationList;
			buildConfigurations = (
				864FB1AD275787A000AABD66 /* Debug */,
				864FB1AE275787A000AABD66 /* Release */,
			);
			defaultConfigurationIsVisible = 0;
			defaultConfigurationName = Release;
		};
		864FB1AF275787A000AABD66 /* Build configuration list for PBXNativeTarget "schools" */ = {
			isa = XCConfigurationList;
			buildConfigurations = (
				864FB1B0275787A000AABD66 /* Debug */,
				864FB1B1275787A000AABD66 /* Release */,
			);
			defaultConfigurationIsVisible = 0;
			defaultConfigurationName = Release;
		};
		864FB1B2275787A000AABD66 /* Build configuration list for PBXNativeTarget "schoolsTests" */ = {
			isa = XCConfigurationList;
			buildConfigurations = (
				864FB1B3275787A000AABD66 /* Debug */,
				864FB1B4275787A000AABD66 /* Release */,
			);
			defaultConfigurationIsVisible = 0;
			defaultConfigurationName = Release;
		};
		864FB1B5275787A000AABD66 /* Build configuration list for PBXNativeTarget "schoolsUITests" */ = {
			isa = XCConfigurationList;
			buildConfigurations = (
				864FB1B6275787A000AABD66 /* Debug */,
				864FB1B7275787A000AABD66 /* Release */,
			);
			defaultConfigurationIsVisible = 0;
			defaultConfigurationName = Release;
		};
/* End XCConfigurationList section */

/* Begin XCVersionGroup section */
		864FB1932757879F00AABD66 /* schools.xcdatamodeld */ = {
			isa = XCVersionGroup;
			children = (
				864FB1942757879F00AABD66 /* schools.xcdatamodel */,
			);
			currentVersion = 864FB1942757879F00AABD66 /* schools.xcdatamodel */;
			path = schools.xcdatamodeld;
			sourceTree = "<group>";
			versionGroupType = wrapper.xcdatamodel;
		};
/* End XCVersionGroup section */
	};
	rootObject = 864FB17D2757879D00AABD66 /* Project object */;
}
